// !$*UTF8*$!
{
	archiveVersion = 1;
	classes = {
	};
	objectVersion = 50;
	objects = {

/* Begin PBXBuildFile section */
		3D38C84723D9EACC00FFF090 /* watermark.jpg in Resources */ = {isa = PBXBuildFile; fileRef = 3D38C84623D9EACC00FFF090 /* watermark.jpg */; };
		3D499C5923D9DF3D00FF4CA6 /* ResultScene.swift in Sources */ = {isa = PBXBuildFile; fileRef = 3D499C5823D9DF3D00FF4CA6 /* ResultScene.swift */; };
		3D499C5B23D9E2C200FF4CA6 /* ParticleScene.sks in Resources */ = {isa = PBXBuildFile; fileRef = 3D499C5A23D9E2C200FF4CA6 /* ParticleScene.sks */; };
		3D884BB623D283A7001DEB49 /* GameScene.swift in Sources */ = {isa = PBXBuildFile; fileRef = 3D884BB523D283A7001DEB49 /* GameScene.swift */; };
		3D897B6623DC9A3A005A34D8 /* bgm_2.mp3 in Resources */ = {isa = PBXBuildFile; fileRef = 3D897B6523DC9A3A005A34D8 /* bgm_2.mp3 */; };
		3D8C839723D8841A00065EA1 /* TitleScene.swift in Sources */ = {isa = PBXBuildFile; fileRef = 3D8C839623D8841A00065EA1 /* TitleScene.swift */; };
		3D8C839B23D894E600065EA1 /* background.jpg in Resources */ = {isa = PBXBuildFile; fileRef = 3D8C839A23D894E600065EA1 /* background.jpg */; };
		3D9B84CA23D73752000C1974 /* orangeGet.mp3 in Resources */ = {isa = PBXBuildFile; fileRef = 3D9B84C923D73752000C1974 /* orangeGet.mp3 */; };
		3D9B84CC23D7422B000C1974 /* bgm.mp3 in Resources */ = {isa = PBXBuildFile; fileRef = 3D9B84CB23D7422B000C1974 /* bgm.mp3 */; };
		3DB4CEBB23D277C100859FB4 /* AppDelegate.swift in Sources */ = {isa = PBXBuildFile; fileRef = 3DB4CEBA23D277C100859FB4 /* AppDelegate.swift */; };
		3DB4CEBD23D277C100859FB4 /* SceneDelegate.swift in Sources */ = {isa = PBXBuildFile; fileRef = 3DB4CEBC23D277C100859FB4 /* SceneDelegate.swift */; };
		3DB4CEBF23D277C100859FB4 /* ViewController.swift in Sources */ = {isa = PBXBuildFile; fileRef = 3DB4CEBE23D277C100859FB4 /* ViewController.swift */; };
		3DB4CEC223D277C100859FB4 /* Main.storyboard in Resources */ = {isa = PBXBuildFile; fileRef = 3DB4CEC023D277C100859FB4 /* Main.storyboard */; };
		3DB4CEC423D277C200859FB4 /* Assets.xcassets in Resources */ = {isa = PBXBuildFile; fileRef = 3DB4CEC323D277C200859FB4 /* Assets.xcassets */; };
		3DB4CEC723D277C200859FB4 /* LaunchScreen.storyboard in Resources */ = {isa = PBXBuildFile; fileRef = 3DB4CEC523D277C200859FB4 /* LaunchScreen.storyboard */; };
/* End PBXBuildFile section */

/* Begin PBXFileReference section */
		3D38C84623D9EACC00FFF090 /* watermark.jpg */ = {isa = PBXFileReference; lastKnownFileType = image.jpeg; path = watermark.jpg; sourceTree = "<group>"; };
		3D499C5823D9DF3D00FF4CA6 /* ResultScene.swift */ = {isa = PBXFileReference; lastKnownFileType = sourcecode.swift; path = ResultScene.swift; sourceTree = "<group>"; };
		3D499C5A23D9E2C200FF4CA6 /* ParticleScene.sks */ = {isa = PBXFileReference; lastKnownFileType = file.sks; path = ParticleScene.sks; sourceTree = "<group>"; };
		3D884BB523D283A7001DEB49 /* GameScene.swift */ = {isa = PBXFileReference; lastKnownFileType = sourcecode.swift; path = GameScene.swift; sourceTree = "<group>"; };
		3D897B6523DC9A3A005A34D8 /* bgm_2.mp3 */ = {isa = PBXFileReference; lastKnownFileType = audio.mp3; path = bgm_2.mp3; sourceTree = "<group>"; };
		3D8C839623D8841A00065EA1 /* TitleScene.swift */ = {isa = PBXFileReference; lastKnownFileType = sourcecode.swift; path = TitleScene.swift; sourceTree = "<group>"; };
		3D8C839A23D894E600065EA1 /* background.jpg */ = {isa = PBXFileReference; lastKnownFileType = image.jpeg; path = background.jpg; sourceTree = "<group>"; };
		3D9B84C923D73752000C1974 /* orangeGet.mp3 */ = {isa = PBXFileReference; lastKnownFileType = audio.mp3; path = orangeGet.mp3; sourceTree = "<group>"; };
		3D9B84CB23D7422B000C1974 /* bgm.mp3 */ = {isa = PBXFileReference; lastKnownFileType = audio.mp3; path = bgm.mp3; sourceTree = "<group>"; };
		3DB4CEB723D277C100859FB4 /* FlappyBird.app */ = {isa = PBXFileReference; explicitFileType = wrapper.application; includeInIndex = 0; path = FlappyBird.app; sourceTree = BUILT_PRODUCTS_DIR; };
		3DB4CEBA23D277C100859FB4 /* AppDelegate.swift */ = {isa = PBXFileReference; lastKnownFileType = sourcecode.swift; path = AppDelegate.swift; sourceTree = "<group>"; };
		3DB4CEBC23D277C100859FB4 /* SceneDelegate.swift */ = {isa = PBXFileReference; lastKnownFileType = sourcecode.swift; path = SceneDelegate.swift; sourceTree = "<group>"; };
		3DB4CEBE23D277C100859FB4 /* ViewController.swift */ = {isa = PBXFileReference; lastKnownFileType = sourcecode.swift; path = ViewController.swift; sourceTree = "<group>"; };
		3DB4CEC123D277C100859FB4 /* Base */ = {isa = PBXFileReference; lastKnownFileType = file.storyboard; name = Base; path = Base.lproj/Main.storyboard; sourceTree = "<group>"; };
		3DB4CEC323D277C200859FB4 /* Assets.xcassets */ = {isa = PBXFileReference; lastKnownFileType = folder.assetcatalog; path = Assets.xcassets; sourceTree = "<group>"; };
		3DB4CEC623D277C200859FB4 /* Base */ = {isa = PBXFileReference; lastKnownFileType = file.storyboard; name = Base; path = Base.lproj/LaunchScreen.storyboard; sourceTree = "<group>"; };
		3DB4CEC823D277C200859FB4 /* Info.plist */ = {isa = PBXFileReference; lastKnownFileType = text.plist.xml; path = Info.plist; sourceTree = "<group>"; };
/* End PBXFileReference section */

/* Begin PBXFrameworksBuildPhase section */
		3DB4CEB423D277C100859FB4 /* Frameworks */ = {
			isa = PBXFrameworksBuildPhase;
			buildActionMask = 2147483647;
			files = (
			);
			runOnlyForDeploymentPostprocessing = 0;
		};
/* End PBXFrameworksBuildPhase section */

/* Begin PBXGroup section */
		3DB4CEAE23D277C100859FB4 = {
			isa = PBXGroup;
			children = (
				3DB4CEB923D277C100859FB4 /* FlappyBird */,
				3DB4CEB823D277C100859FB4 /* Products */,
			);
			sourceTree = "<group>";
		};
		3DB4CEB823D277C100859FB4 /* Products */ = {
			isa = PBXGroup;
			children = (
				3DB4CEB723D277C100859FB4 /* FlappyBird.app */,
			);
			name = Products;
			sourceTree = "<group>";
		};
		3DB4CEB923D277C100859FB4 /* FlappyBird */ = {
			isa = PBXGroup;
			children = (
				3DB4CEBA23D277C100859FB4 /* AppDelegate.swift */,
				3DB4CEBC23D277C100859FB4 /* SceneDelegate.swift */,
				3DB4CEBE23D277C100859FB4 /* ViewController.swift */,
				3DB4CEC023D277C100859FB4 /* Main.storyboard */,
				3D884BB523D283A7001DEB49 /* GameScene.swift */,
				3D499C5A23D9E2C200FF4CA6 /* ParticleScene.sks */,
				3D8C839623D8841A00065EA1 /* TitleScene.swift */,
				3D499C5823D9DF3D00FF4CA6 /* ResultScene.swift */,
				3DB4CEC323D277C200859FB4 /* Assets.xcassets */,
				3D9B84C923D73752000C1974 /* orangeGet.mp3 */,
				3D9B84CB23D7422B000C1974 /* bgm.mp3 */,
				3D897B6523DC9A3A005A34D8 /* bgm_2.mp3 */,
				3DB4CEC523D277C200859FB4 /* LaunchScreen.storyboard */,
				3D8C839A23D894E600065EA1 /* background.jpg */,
				3D38C84623D9EACC00FFF090 /* watermark.jpg */,
				3DB4CEC823D277C200859FB4 /* Info.plist */,
			);
			path = FlappyBird;
			sourceTree = "<group>";
		};
/* End PBXGroup section */

/* Begin PBXNativeTarget section */
		3DB4CEB623D277C100859FB4 /* FlappyBird */ = {
			isa = PBXNativeTarget;
			buildConfigurationList = 3DB4CECB23D277C200859FB4 /* Build configuration list for PBXNativeTarget "FlappyBird" */;
			buildPhases = (
				3DB4CEB323D277C100859FB4 /* Sources */,
				3DB4CEB423D277C100859FB4 /* Frameworks */,
				3DB4CEB523D277C100859FB4 /* Resources */,
			);
			buildRules = (
			);
			dependencies = (
			);
			name = FlappyBird;
			productName = FlappyBird;
			productReference = 3DB4CEB723D277C100859FB4 /* FlappyBird.app */;
			productType = "com.apple.product-type.application";
		};
/* End PBXNativeTarget section */

/* Begin PBXProject section */
		3DB4CEAF23D277C100859FB4 /* Project object */ = {
			isa = PBXProject;
			attributes = {
				LastSwiftUpdateCheck = 1110;
				LastUpgradeCheck = 1110;
				ORGANIZATIONNAME = "syogo-user";
				TargetAttributes = {
					3DB4CEB623D277C100859FB4 = {
						CreatedOnToolsVersion = 11.1;
					};
				};
			};
			buildConfigurationList = 3DB4CEB223D277C100859FB4 /* Build configuration list for PBXProject "FlappyBird" */;
			compatibilityVersion = "Xcode 9.3";
			developmentRegion = en;
			hasScannedForEncodings = 0;
			knownRegions = (
				en,
				Base,
			);
			mainGroup = 3DB4CEAE23D277C100859FB4;
			productRefGroup = 3DB4CEB823D277C100859FB4 /* Products */;
			projectDirPath = "";
			projectRoot = "";
			targets = (
				3DB4CEB623D277C100859FB4 /* FlappyBird */,
			);
		};
/* End PBXProject section */

/* Begin PBXResourcesBuildPhase section */
		3DB4CEB523D277C100859FB4 /* Resources */ = {
			isa = PBXResourcesBuildPhase;
			buildActionMask = 2147483647;
			files = (
				3DB4CEC723D277C200859FB4 /* LaunchScreen.storyboard in Resources */,
				3DB4CEC423D277C200859FB4 /* Assets.xcassets in Resources */,
				3D38C84723D9EACC00FFF090 /* watermark.jpg in Resources */,
				3D897B6623DC9A3A005A34D8 /* bgm_2.mp3 in Resources */,
				3DB4CEC223D277C100859FB4 /* Main.storyboard in Resources */,
				3D8C839B23D894E600065EA1 /* background.jpg in Resources */,
				3D9B84CA23D73752000C1974 /* orangeGet.mp3 in Resources */,
				3D499C5B23D9E2C200FF4CA6 /* ParticleScene.sks in Resources */,
				3D9B84CC23D7422B000C1974 /* bgm.mp3 in Resources */,
			);
			runOnlyForDeploymentPostprocessing = 0;
		};
/* End PBXResourcesBuildPhase section */

/* Begin PBXSourcesBuildPhase section */
		3DB4CEB323D277C100859FB4 /* Sources */ = {
			isa = PBXSourcesBuildPhase;
			buildActionMask = 2147483647;
			files = (
				3DB4CEBF23D277C100859FB4 /* ViewController.swift in Sources */,
				3D499C5923D9DF3D00FF4CA6 /* ResultScene.swift in Sources */,
				3D8C839723D8841A00065EA1 /* TitleScene.swift in Sources */,
				3DB4CEBB23D277C100859FB4 /* AppDelegate.swift in Sources */,
				3D884BB623D283A7001DEB49 /* GameScene.swift in Sources */,
				3DB4CEBD23D277C100859FB4 /* SceneDelegate.swift in Sources */,
			);
			runOnlyForDeploymentPostprocessing = 0;
		};
/* End PBXSourcesBuildPhase section */

/* Begin PBXVariantGroup section */
		3DB4CEC023D277C100859FB4 /* Main.storyboard */ = {
			isa = PBXVariantGroup;
			children = (
				3DB4CEC123D277C100859FB4 /* Base */,
			);
			name = Main.storyboard;
			sourceTree = "<group>";
		};
		3DB4CEC523D277C200859FB4 /* LaunchScreen.storyboard */ = {
			isa = PBXVariantGroup;
			children = (
				3DB4CEC623D277C200859FB4 /* Base */,
			);
			name = LaunchScreen.storyboard;
			sourceTree = "<group>";
		};
/* End PBXVariantGroup section */

/* Begin XCBuildConfiguration section */
		3DB4CEC923D277C200859FB4 /* Debug */ = {
			isa = XCBuildConfiguration;
			buildSettings = {
				ALWAYS_SEARCH_USER_PATHS = NO;
				CLANG_ANALYZER_NONNULL = YES;
				CLANG_ANALYZER_NUMBER_OBJECT_CONVERSION = YES_AGGRESSIVE;
				CLANG_CXX_LANGUAGE_STANDARD = "gnu++14";
				CLANG_CXX_LIBRARY = "libc++";
				CLANG_ENABLE_MODULES = YES;
				CLANG_ENABLE_OBJC_ARC = YES;
				CLANG_ENABLE_OBJC_WEAK = YES;
				CLANG_WARN_BLOCK_CAPTURE_AUTORELEASING = YES;
				CLANG_WARN_BOOL_CONVERSION = YES;
				CLANG_WARN_COMMA = YES;
				CLANG_WARN_CONSTANT_CONVERSION = YES;
				CLANG_WARN_DEPRECATED_OBJC_IMPLEMENTATIONS = YES;
				CLANG_WARN_DIRECT_OBJC_ISA_USAGE = YES_ERROR;
				CLANG_WARN_DOCUMENTATION_COMMENTS = YES;
				CLANG_WARN_EMPTY_BODY = YES;
				CLANG_WARN_ENUM_CONVERSION = YES;
				CLANG_WARN_INFINITE_RECURSION = YES;
				CLANG_WARN_INT_CONVERSION = YES;
				CLANG_WARN_NON_LITERAL_NULL_CONVERSION = YES;
				CLANG_WARN_OBJC_IMPLICIT_RETAIN_SELF = YES;
				CLANG_WARN_OBJC_LITERAL_CONVERSION = YES;
				CLANG_WARN_OBJC_ROOT_CLASS = YES_ERROR;
				CLANG_WARN_RANGE_LOOP_ANALYSIS = YES;
				CLANG_WARN_STRICT_PROTOTYPES = YES;
				CLANG_WARN_SUSPICIOUS_MOVE = YES;
				CLANG_WARN_UNGUARDED_AVAILABILITY = YES_AGGRESSIVE;
				CLANG_WARN_UNREACHABLE_CODE = YES;
				CLANG_WARN__DUPLICATE_METHOD_MATCH = YES;
				COPY_PHASE_STRIP = NO;
				DEBUG_INFORMATION_FORMAT = dwarf;
				ENABLE_STRICT_OBJC_MSGSEND = YES;
				ENABLE_TESTABILITY = YES;
				GCC_C_LANGUAGE_STANDARD = gnu11;
				GCC_DYNAMIC_NO_PIC = NO;
				GCC_NO_COMMON_BLOCKS = YES;
				GCC_OPTIMIZATION_LEVEL = 0;
				GCC_PREPROCESSOR_DEFINITIONS = (
					"DEBUG=1",
					"$(inherited)",
				);
				GCC_WARN_64_TO_32_BIT_CONVERSION = YES;
				GCC_WARN_ABOUT_RETURN_TYPE = YES_ERROR;
				GCC_WARN_UNDECLARED_SELECTOR = YES;
				GCC_WARN_UNINITIALIZED_AUTOS = YES_AGGRESSIVE;
				GCC_WARN_UNUSED_FUNCTION = YES;
				GCC_WARN_UNUSED_VARIABLE = YES;
				IPHONEOS_DEPLOYMENT_TARGET = 13.1;
				MTL_ENABLE_DEBUG_INFO = INCLUDE_SOURCE;
				MTL_FAST_MATH = YES;
				ONLY_ACTIVE_ARCH = YES;
				SDKROOT = iphoneos;
				SWIFT_ACTIVE_COMPILATION_CONDITIONS = DEBUG;
				SWIFT_OPTIMIZATION_LEVEL = "-Onone";
			};
			name = Debug;
		};
		3DB4CECA23D277C200859FB4 /* Release */ = {
			isa = XCBuildConfiguration;
			buildSettings = {
				ALWAYS_SEARCH_USER_PATHS = NO;
				CLANG_ANALYZER_NONNULL = YES;
				CLANG_ANALYZER_NUMBER_OBJECT_CONVERSION = YES_AGGRESSIVE;
				CLANG_CXX_LANGUAGE_STANDARD = "gnu++14";
				CLANG_CXX_LIBRARY = "libc++";
				CLANG_ENABLE_MODULES = YES;
				CLANG_ENABLE_OBJC_ARC = YES;
				CLANG_ENABLE_OBJC_WEAK = YES;
				CLANG_WARN_BLOCK_CAPTURE_AUTORELEASING = YES;
				CLANG_WARN_BOOL_CONVERSION = YES;
				CLANG_WARN_COMMA = YES;
				CLANG_WARN_CONSTANT_CONVERSION = YES;
				CLANG_WARN_DEPRECATED_OBJC_IMPLEMENTATIONS = YES;
				CLANG_WARN_DIRECT_OBJC_ISA_USAGE = YES_ERROR;
				CLANG_WARN_DOCUMENTATION_COMMENTS = YES;
				CLANG_WARN_EMPTY_BODY = YES;
				CLANG_WARN_ENUM_CONVERSION = YES;
				CLANG_WARN_INFINITE_RECURSION = YES;
				CLANG_WARN_INT_CONVERSION = YES;
				CLANG_WARN_NON_LITERAL_NULL_CONVERSION = YES;
				CLANG_WARN_OBJC_IMPLICIT_RETAIN_SELF = YES;
				CLANG_WARN_OBJC_LITERAL_CONVERSION = YES;
				CLANG_WARN_OBJC_ROOT_CLASS = YES_ERROR;
				CLANG_WARN_RANGE_LOOP_ANALYSIS = YES;
				CLANG_WARN_STRICT_PROTOTYPES = YES;
				CLANG_WARN_SUSPICIOUS_MOVE = YES;
				CLANG_WARN_UNGUARDED_AVAILABILITY = YES_AGGRESSIVE;
				CLANG_WARN_UNREACHABLE_CODE = YES;
				CLANG_WARN__DUPLICATE_METHOD_MATCH = YES;
				COPY_PHASE_STRIP = NO;
				DEBUG_INFORMATION_FORMAT = "dwarf-with-dsym";
				ENABLE_NS_ASSERTIONS = NO;
				ENABLE_STRICT_OBJC_MSGSEND = YES;
				GCC_C_LANGUAGE_STANDARD = gnu11;
				GCC_NO_COMMON_BLOCKS = YES;
				GCC_WARN_64_TO_32_BIT_CONVERSION = YES;
				GCC_WARN_ABOUT_RETURN_TYPE = YES_ERROR;
				GCC_WARN_UNDECLARED_SELECTOR = YES;
				GCC_WARN_UNINITIALIZED_AUTOS = YES_AGGRESSIVE;
				GCC_WARN_UNUSED_FUNCTION = YES;
				GCC_WARN_UNUSED_VARIABLE = YES;
				IPHONEOS_DEPLOYMENT_TARGET = 13.1;
				MTL_ENABLE_DEBUG_INFO = NO;
				MTL_FAST_MATH = YES;
				SDKROOT = iphoneos;
				SWIFT_COMPILATION_MODE = wholemodule;
				SWIFT_OPTIMIZATION_LEVEL = "-O";
				VALIDATE_PRODUCT = YES;
			};
			name = Release;
		};
		3DB4CECC23D277C200859FB4 /* Debug */ = {
			isa = XCBuildConfiguration;
			buildSettings = {
				ASSETCATALOG_COMPILER_APPICON_NAME = AppIcon;
				CODE_SIGN_STYLE = Automatic;
				DEVELOPMENT_TEAM = 6522YLS3GH;
				INFOPLIST_FILE = FlappyBird/Info.plist;
				LD_RUNPATH_SEARCH_PATHS = (
					"$(inherited)",
					"@executable_path/Frameworks",
				);
				PRODUCT_BUNDLE_IDENTIFIER = "jp.techacademy.syogo-user.FlappyBird";
				PRODUCT_NAME = "$(TARGET_NAME)";
				SWIFT_VERSION = 5.0;
				TARGETED_DEVICE_FAMILY = 1;
			};
			name = Debug;
		};
		3DB4CECD23D277C200859FB4 /* Release */ = {
			isa = XCBuildConfiguration;
			buildSettings = {
				ASSETCATALOG_COMPILER_APPICON_NAME = AppIcon;
				CODE_SIGN_STYLE = Automatic;
				DEVELOPMENT_TEAM = 6522YLS3GH;
				INFOPLIST_FILE = FlappyBird/Info.plist;
				LD_RUNPATH_SEARCH_PATHS = (
					"$(inherited)",
					"@executable_path/Frameworks",
				);
				PRODUCT_BUNDLE_IDENTIFIER = "jp.techacademy.syogo-user.FlappyBird";
				PRODUCT_NAME = "$(TARGET_NAME)";
				SWIFT_VERSION = 5.0;
				TARGETED_DEVICE_FAMILY = 1;
			};
			name = Release;
		};
/* End XCBuildConfiguration section */

/* Begin XCConfigurationList section */
		3DB4CEB223D277C100859FB4 /* Build configuration list for PBXProject "FlappyBird" */ = {
			isa = XCConfigurationList;
			buildConfigurations = (
				3DB4CEC923D277C200859FB4 /* Debug */,
				3DB4CECA23D277C200859FB4 /* Release */,
			);
			defaultConfigurationIsVisible = 0;
			defaultConfigurationName = Release;
		};
		3DB4CECB23D277C200859FB4 /* Build configuration list for PBXNativeTarget "FlappyBird" */ = {
			isa = XCConfigurationList;
			buildConfigurations = (
				3DB4CECC23D277C200859FB4 /* Debug */,
				3DB4CECD23D277C200859FB4 /* Release */,
			);
			defaultConfigurationIsVisible = 0;
			defaultConfigurationName = Release;
		};
/* End XCConfigurationList section */
	};
	rootObject = 3DB4CEAF23D277C100859FB4 /* Project object */;
}
